
Microsoft Visual Studio Solution File, Format Version 12.00
# Visual Studio 15
VisualStudioVersion = 15.0.28307.168
MinimumVisualStudioVersion = 10.0.40219.1
Project("{E24C65DC-7377-472B-9ABA-BC803B73C61A}") = "MenUMU", "MenUMU\", "{EB672BDE-06AD-460B-8613-822A884D792D}"
	ProjectSection(WebsiteProperties) = preProject
		TargetFrameworkMoniker = ".NETFramework,Version%3Dv4.6.1"
		Debug.AspNetCompiler.VirtualPath = "/localhost_53769"
		Debug.AspNetCompiler.PhysicalPath = "MenUMU\"
		Debug.AspNetCompiler.TargetPath = "PrecompiledWeb\localhost_53769\"
		Debug.AspNetCompiler.Updateable = "true"
		Debug.AspNetCompiler.ForceOverwrite = "true"
		Debug.AspNetCompiler.FixedNames = "false"
		Debug.AspNetCompiler.Debug = "True"
		Release.AspNetCompiler.VirtualPath = "/localhost_53769"
		Release.AspNetCompiler.PhysicalPath = "MenUMU\"
		Release.AspNetCompiler.TargetPath = "PrecompiledWeb\localhost_53769\"
		Release.AspNetCompiler.Updateable = "true"
		Release.AspNetCompiler.ForceOverwrite = "true"
		Release.AspNetCompiler.FixedNames = "false"
		Release.AspNetCompiler.Debug = "False"
		VWDPort = "53769"
		SlnRelativePath = "MenUMU\"
		DefaultWebSiteLanguage = "Visual C#"
	EndProjectSection
EndProject
Global
	GlobalSection(SolutionConfigurationPlatforms) = preSolution
		Debug|Any CPU = Debug|Any CPU
	EndGlobalSection
	GlobalSection(ProjectConfigurationPlatforms) = postSolution
		{EB672BDE-06AD-460B-8613-822A884D792D}.Debug|Any CPU.ActiveCfg = Debug|Any CPU
		{EB672BDE-06AD-460B-8613-822A884D792D}.Debug|Any CPU.Build.0 = Debug|Any CPU
	EndGlobalSection
	GlobalSection(SolutionProperties) = preSolution
		HideSolutionNode = FALSE
	EndGlobalSection
	GlobalSection(ExtensibilityGlobals) = postSolution
		SolutionGuid = {3C7B185C-C575-49A4-8762-210190FEE634}
	EndGlobalSection
EndGlobal
