
Microsoft Visual Studio Solution File, Format Version 12.00
# Visual Studio Version 16
VisualStudioVersion = 16.0.30503.244
MinimumVisualStudioVersion = 10.0.40219.1
Project("{E24C65DC-7377-472B-9ABA-BC803B73C61A}") = "MenUMU", "\\Quantum\dfs\Desktops\tyler.rentz\Desktop\MenUMU\MenUMU\", "{74DB8F08-1BA5-4781-8155-152B25C92377}"
	ProjectSection(WebsiteProperties) = preProject
		TargetFrameworkMoniker = ".NETFramework,Version%3Dv4.6.1"
		Debug.AspNetCompiler.VirtualPath = "/localhost_57832"
		Debug.AspNetCompiler.PhysicalPath = "\\Quantum\dfs\Desktops\tyler.rentz\Desktop\MenUMU\MenUMU\"
		Debug.AspNetCompiler.TargetPath = "PrecompiledWeb\localhost_57832\"
		Debug.AspNetCompiler.Updateable = "true"
		Debug.AspNetCompiler.ForceOverwrite = "true"
		Debug.AspNetCompiler.FixedNames = "false"
		Debug.AspNetCompiler.Debug = "True"
		Release.AspNetCompiler.VirtualPath = "/localhost_57832"
		Release.AspNetCompiler.PhysicalPath = "\\Quantum\dfs\Desktops\tyler.rentz\Desktop\MenUMU\MenUMU\"
		Release.AspNetCompiler.TargetPath = "PrecompiledWeb\localhost_57832\"
		Release.AspNetCompiler.Updateable = "true"
		Release.AspNetCompiler.ForceOverwrite = "true"
		Release.AspNetCompiler.FixedNames = "false"
		Release.AspNetCompiler.Debug = "False"
		VWDPort = "57832"
	EndProjectSection
EndProject
Global
	GlobalSection(SolutionConfigurationPlatforms) = preSolution
		Debug|Any CPU = Debug|Any CPU
	EndGlobalSection
	GlobalSection(ProjectConfigurationPlatforms) = postSolution
		{74DB8F08-1BA5-4781-8155-152B25C92377}.Debug|Any CPU.ActiveCfg = Debug|Any CPU
		{74DB8F08-1BA5-4781-8155-152B25C92377}.Debug|Any CPU.Build.0 = Debug|Any CPU
	EndGlobalSection
	GlobalSection(SolutionProperties) = preSolution
		HideSolutionNode = FALSE
	EndGlobalSection
	GlobalSection(ExtensibilityGlobals) = postSolution
		SolutionGuid = {9C394283-89A2-4BBD-A711-5D3448643A45}
	EndGlobalSection
EndGlobal
